
Microsoft Visual Studio Solution File, Format Version 12.00
# Visual Studio Version 17
VisualStudioVersion = 17.10.35013.160
MinimumVisualStudioVersion = 10.0.40219.1
Project("{FAE04EC0-301F-11D3-BF4B-00C04F79EFBC}") = "GymApplicationAPI", "GymApplicationAPI\GymApplicationAPI.csproj", "{9AF0BF8C-25DF-4518-9A36-FC0AF9571ED2}"
EndProject
Global
	GlobalSection(SolutionConfigurationPlatforms) = preSolution
		Debug|Any CPU = Debug|Any CPU
		Release|Any CPU = Release|Any CPU
	EndGlobalSection
	GlobalSection(ProjectConfigurationPlatforms) = postSolution
		{9AF0BF8C-25DF-4518-9A36-FC0AF9571ED2}.Debug|Any CPU.ActiveCfg = Debug|Any CPU
		{9AF0BF8C-25DF-4518-9A36-FC0AF9571ED2}.Debug|Any CPU.Build.0 = Debug|Any CPU
		{9AF0BF8C-25DF-4518-9A36-FC0AF9571ED2}.Release|Any CPU.ActiveCfg = Release|Any CPU
		{9AF0BF8C-25DF-4518-9A36-FC0AF9571ED2}.Release|Any CPU.Build.0 = Release|Any CPU
	EndGlobalSection
	GlobalSection(SolutionProperties) = preSolution
		HideSolutionNode = FALSE
	EndGlobalSection
	GlobalSection(ExtensibilityGlobals) = postSolution
		SolutionGuid = {2DA8F46A-FBE0-46F7-BC19-CB994A38989E}
	EndGlobalSection
EndGlobal
